
Microsoft Visual Studio Solution File, Format Version 12.00
# Visual Studio 2012
Project("{F184B08F-C81C-45F6-A57F-5ABD9991F28F}") = "FormatResearch", "FormatResearch\FormatResearch.vbproj", "{25D8E96C-1C7E-4FDC-9FA1-22E2CF7AF174}"
EndProject
Global
	GlobalSection(SolutionConfigurationPlatforms) = preSolution
		Debug|Any CPU = Debug|Any CPU
		Release|Any CPU = Release|Any CPU
	EndGlobalSection
	GlobalSection(ProjectConfigurationPlatforms) = postSolution
		{25D8E96C-1C7E-4FDC-9FA1-22E2CF7AF174}.Debug|Any CPU.ActiveCfg = Debug|Any CPU
		{25D8E96C-1C7E-4FDC-9FA1-22E2CF7AF174}.Debug|Any CPU.Build.0 = Debug|Any CPU
		{25D8E96C-1C7E-4FDC-9FA1-22E2CF7AF174}.Release|Any CPU.ActiveCfg = Release|Any CPU
		{25D8E96C-1C7E-4FDC-9FA1-22E2CF7AF174}.Release|Any CPU.Build.0 = Release|Any CPU
	EndGlobalSection
	GlobalSection(SolutionProperties) = preSolution
		HideSolutionNode = FALSE
	EndGlobalSection
EndGlobal
